
Microsoft Visual Studio Solution File, Format Version 12.00
# Visual Studio 15
VisualStudioVersion = 15.0.27130.2003
MinimumVisualStudioVersion = 10.0.40219.1
Project("{FAE04EC0-301F-11D3-BF4B-00C04F79EFBC}") = "Domain", "Domain\Domain.csproj", "{DC2D6913-5588-48A1-8570-C92781B2D591}"
EndProject
Project("{FAE04EC0-301F-11D3-BF4B-00C04F79EFBC}") = "Data", "Data\Data.csproj", "{BEC0204A-5016-4453-A55C-0FFB59296DF4}"
EndProject
Project("{FAE04EC0-301F-11D3-BF4B-00C04F79EFBC}") = "Test", "Test\Test.csproj", "{E08CC557-5E8A-4FBF-9201-4D630543DBA3}"
EndProject
Project("{FAE04EC0-301F-11D3-BF4B-00C04F79EFBC}") = "Common", "Common\Common.csproj", "{990AE060-5D59-427C-B236-BEF286F7A817}"
EndProject
Project("{FAE04EC0-301F-11D3-BF4B-00C04F79EFBC}") = "UI", "UI\UI.csproj", "{5B477ABF-9D38-4033-9131-3B56DF206AD0}"
EndProject
Project("{FAE04EC0-301F-11D3-BF4B-00C04F79EFBC}") = "Sevice", "Sevice\Sevice.csproj", "{C1E76174-DD8F-4D2B-B01B-BBA88C3108A9}"
EndProject
Global
	GlobalSection(SolutionConfigurationPlatforms) = preSolution
		ClickOnce Debug|Any CPU = ClickOnce Debug|Any CPU
		ClickOnce Release|Any CPU = ClickOnce Release|Any CPU
		Debug|Any CPU = Debug|Any CPU
		DebugTest|Any CPU = DebugTest|Any CPU
		Release|Any CPU = Release|Any CPU
	EndGlobalSection
	GlobalSection(ProjectConfigurationPlatforms) = postSolution
		{DC2D6913-5588-48A1-8570-C92781B2D591}.ClickOnce Debug|Any CPU.ActiveCfg = Debug|Any CPU
		{DC2D6913-5588-48A1-8570-C92781B2D591}.ClickOnce Debug|Any CPU.Build.0 = Debug|Any CPU
		{DC2D6913-5588-48A1-8570-C92781B2D591}.ClickOnce Release|Any CPU.ActiveCfg = Release|Any CPU
		{DC2D6913-5588-48A1-8570-C92781B2D591}.ClickOnce Release|Any CPU.Build.0 = Release|Any CPU
		{DC2D6913-5588-48A1-8570-C92781B2D591}.Debug|Any CPU.ActiveCfg = Debug|Any CPU
		{DC2D6913-5588-48A1-8570-C92781B2D591}.Debug|Any CPU.Build.0 = Debug|Any CPU
		{DC2D6913-5588-48A1-8570-C92781B2D591}.DebugTest|Any CPU.ActiveCfg = Debug|Any CPU
		{DC2D6913-5588-48A1-8570-C92781B2D591}.DebugTest|Any CPU.Build.0 = Debug|Any CPU
		{DC2D6913-5588-48A1-8570-C92781B2D591}.Release|Any CPU.ActiveCfg = Release|Any CPU
		{DC2D6913-5588-48A1-8570-C92781B2D591}.Release|Any CPU.Build.0 = Release|Any CPU
		{BEC0204A-5016-4453-A55C-0FFB59296DF4}.ClickOnce Debug|Any CPU.ActiveCfg = Debug|Any CPU
		{BEC0204A-5016-4453-A55C-0FFB59296DF4}.ClickOnce Debug|Any CPU.Build.0 = Debug|Any CPU
		{BEC0204A-5016-4453-A55C-0FFB59296DF4}.ClickOnce Release|Any CPU.ActiveCfg = Release|Any CPU
		{BEC0204A-5016-4453-A55C-0FFB59296DF4}.ClickOnce Release|Any CPU.Build.0 = Release|Any CPU
		{BEC0204A-5016-4453-A55C-0FFB59296DF4}.Debug|Any CPU.ActiveCfg = Debug|Any CPU
		{BEC0204A-5016-4453-A55C-0FFB59296DF4}.Debug|Any CPU.Build.0 = Debug|Any CPU
		{BEC0204A-5016-4453-A55C-0FFB59296DF4}.DebugTest|Any CPU.ActiveCfg = Debug|Any CPU
		{BEC0204A-5016-4453-A55C-0FFB59296DF4}.DebugTest|Any CPU.Build.0 = Debug|Any CPU
		{BEC0204A-5016-4453-A55C-0FFB59296DF4}.Release|Any CPU.ActiveCfg = Release|Any CPU
		{BEC0204A-5016-4453-A55C-0FFB59296DF4}.Release|Any CPU.Build.0 = Release|Any CPU
		{E08CC557-5E8A-4FBF-9201-4D630543DBA3}.ClickOnce Debug|Any CPU.ActiveCfg = Debug|Any CPU
		{E08CC557-5E8A-4FBF-9201-4D630543DBA3}.ClickOnce Debug|Any CPU.Build.0 = Debug|Any CPU
		{E08CC557-5E8A-4FBF-9201-4D630543DBA3}.ClickOnce Release|Any CPU.ActiveCfg = Release|Any CPU
		{E08CC557-5E8A-4FBF-9201-4D630543DBA3}.ClickOnce Release|Any CPU.Build.0 = Release|Any CPU
		{E08CC557-5E8A-4FBF-9201-4D630543DBA3}.Debug|Any CPU.ActiveCfg = Debug|Any CPU
		{E08CC557-5E8A-4FBF-9201-4D630543DBA3}.Debug|Any CPU.Build.0 = Debug|Any CPU
		{E08CC557-5E8A-4FBF-9201-4D630543DBA3}.DebugTest|Any CPU.ActiveCfg = Debug|Any CPU
		{E08CC557-5E8A-4FBF-9201-4D630543DBA3}.DebugTest|Any CPU.Build.0 = Debug|Any CPU
		{E08CC557-5E8A-4FBF-9201-4D630543DBA3}.Release|Any CPU.ActiveCfg = Release|Any CPU
		{E08CC557-5E8A-4FBF-9201-4D630543DBA3}.Release|Any CPU.Build.0 = Release|Any CPU
		{990AE060-5D59-427C-B236-BEF286F7A817}.ClickOnce Debug|Any CPU.ActiveCfg = Debug|Any CPU
		{990AE060-5D59-427C-B236-BEF286F7A817}.ClickOnce Debug|Any CPU.Build.0 = Debug|Any CPU
		{990AE060-5D59-427C-B236-BEF286F7A817}.ClickOnce Release|Any CPU.ActiveCfg = Release|Any CPU
		{990AE060-5D59-427C-B236-BEF286F7A817}.ClickOnce Release|Any CPU.Build.0 = Release|Any CPU
		{990AE060-5D59-427C-B236-BEF286F7A817}.Debug|Any CPU.ActiveCfg = Debug|Any CPU
		{990AE060-5D59-427C-B236-BEF286F7A817}.Debug|Any CPU.Build.0 = Debug|Any CPU
		{990AE060-5D59-427C-B236-BEF286F7A817}.DebugTest|Any CPU.ActiveCfg = Debug|Any CPU
		{990AE060-5D59-427C-B236-BEF286F7A817}.DebugTest|Any CPU.Build.0 = Debug|Any CPU
		{990AE060-5D59-427C-B236-BEF286F7A817}.Release|Any CPU.ActiveCfg = Release|Any CPU
		{990AE060-5D59-427C-B236-BEF286F7A817}.Release|Any CPU.Build.0 = Release|Any CPU
		{5B477ABF-9D38-4033-9131-3B56DF206AD0}.ClickOnce Debug|Any CPU.ActiveCfg = ClickOnce Debug|Any CPU
		{5B477ABF-9D38-4033-9131-3B56DF206AD0}.ClickOnce Debug|Any CPU.Build.0 = ClickOnce Debug|Any CPU
		{5B477ABF-9D38-4033-9131-3B56DF206AD0}.ClickOnce Release|Any CPU.ActiveCfg = ClickOnce Release|Any CPU
		{5B477ABF-9D38-4033-9131-3B56DF206AD0}.ClickOnce Release|Any CPU.Build.0 = ClickOnce Release|Any CPU
		{5B477ABF-9D38-4033-9131-3B56DF206AD0}.Debug|Any CPU.ActiveCfg = Debug|Any CPU
		{5B477ABF-9D38-4033-9131-3B56DF206AD0}.Debug|Any CPU.Build.0 = Debug|Any CPU
		{5B477ABF-9D38-4033-9131-3B56DF206AD0}.DebugTest|Any CPU.ActiveCfg = DebugTest|Any CPU
		{5B477ABF-9D38-4033-9131-3B56DF206AD0}.DebugTest|Any CPU.Build.0 = DebugTest|Any CPU
		{5B477ABF-9D38-4033-9131-3B56DF206AD0}.Release|Any CPU.ActiveCfg = Release|Any CPU
		{5B477ABF-9D38-4033-9131-3B56DF206AD0}.Release|Any CPU.Build.0 = Release|Any CPU
		{C1E76174-DD8F-4D2B-B01B-BBA88C3108A9}.ClickOnce Debug|Any CPU.ActiveCfg = Debug|Any CPU
		{C1E76174-DD8F-4D2B-B01B-BBA88C3108A9}.ClickOnce Debug|Any CPU.Build.0 = Debug|Any CPU
		{C1E76174-DD8F-4D2B-B01B-BBA88C3108A9}.ClickOnce Release|Any CPU.ActiveCfg = Release|Any CPU
		{C1E76174-DD8F-4D2B-B01B-BBA88C3108A9}.ClickOnce Release|Any CPU.Build.0 = Release|Any CPU
		{C1E76174-DD8F-4D2B-B01B-BBA88C3108A9}.Debug|Any CPU.ActiveCfg = Debug|Any CPU
		{C1E76174-DD8F-4D2B-B01B-BBA88C3108A9}.Debug|Any CPU.Build.0 = Debug|Any CPU
		{C1E76174-DD8F-4D2B-B01B-BBA88C3108A9}.DebugTest|Any CPU.ActiveCfg = Debug|Any CPU
		{C1E76174-DD8F-4D2B-B01B-BBA88C3108A9}.DebugTest|Any CPU.Build.0 = Debug|Any CPU
		{C1E76174-DD8F-4D2B-B01B-BBA88C3108A9}.Release|Any CPU.ActiveCfg = Release|Any CPU
		{C1E76174-DD8F-4D2B-B01B-BBA88C3108A9}.Release|Any CPU.Build.0 = Release|Any CPU
	EndGlobalSection
	GlobalSection(SolutionProperties) = preSolution
		HideSolutionNode = FALSE
	EndGlobalSection
	GlobalSection(ExtensibilityGlobals) = postSolution
		SolutionGuid = {8A98976F-7846-4F25-959F-E5A0BA3E5936}
	EndGlobalSection
EndGlobal
